
Microsoft Visual Studio Solution File, Format Version 12.00
# Visual Studio 15
VisualStudioVersion = 15.0.28307.572
MinimumVisualStudioVersion = 10.0.40219.1
Project("{FAE04EC0-301F-11D3-BF4B-00C04F79EFBC}") = "ContactManager", "ContactManager\ContactManager.csproj", "{1AAE8393-9AD6-42B3-A424-AF421E1CC0CC}"
EndProject
Global
	GlobalSection(SolutionConfigurationPlatforms) = preSolution
		Debug|Any CPU = Debug|Any CPU
		Release|Any CPU = Release|Any CPU
	EndGlobalSection
	GlobalSection(ProjectConfigurationPlatforms) = postSolution
		{1AAE8393-9AD6-42B3-A424-AF421E1CC0CC}.Debug|Any CPU.ActiveCfg = Debug|Any CPU
		{1AAE8393-9AD6-42B3-A424-AF421E1CC0CC}.Debug|Any CPU.Build.0 = Debug|Any CPU
		{1AAE8393-9AD6-42B3-A424-AF421E1CC0CC}.Release|Any CPU.ActiveCfg = Release|Any CPU
		{1AAE8393-9AD6-42B3-A424-AF421E1CC0CC}.Release|Any CPU.Build.0 = Release|Any CPU
	EndGlobalSection
	GlobalSection(SolutionProperties) = preSolution
		HideSolutionNode = FALSE
	EndGlobalSection
	GlobalSection(ExtensibilityGlobals) = postSolution
		SolutionGuid = {E6C34901-D07E-4C3F-BBF9-CE25B0F1A9AA}
	EndGlobalSection
EndGlobal
